
Microsoft Visual Studio Solution File, Format Version 12.00
# Visual Studio Version 16
VisualStudioVersion = 16.0.28803.352
MinimumVisualStudioVersion = 10.0.40219.1
Project("{9A19103F-16F7-4668-BE54-9A1E7A4F7556}") = "Wink.Api", "Wink.Api\Wink.Api.csproj", "{1FFA7E60-D3D7-4B1D-899C-A018E674ACAF}"
EndProject
Project("{9A19103F-16F7-4668-BE54-9A1E7A4F7556}") = "Wink.Api.Test", "Wink.Api.Test\Wink.Api.Test.csproj", "{D609C2F3-3574-464B-817E-31DBB100C408}"
EndProject
Project("{FAE04EC0-301F-11D3-BF4B-00C04F79EFBC}") = "Wink.Api.Uwp", "Wink.Api.Uwp\Wink.Api.Uwp.csproj", "{ED137C18-A663-4ADC-BF8D-C259D0407663}"
EndProject
Global
	GlobalSection(SolutionConfigurationPlatforms) = preSolution
		Debug|Any CPU = Debug|Any CPU
		Debug|ARM = Debug|ARM
		Debug|ARM64 = Debug|ARM64
		Debug|x64 = Debug|x64
		Debug|x86 = Debug|x86
		Release|Any CPU = Release|Any CPU
		Release|ARM = Release|ARM
		Release|ARM64 = Release|ARM64
		Release|x64 = Release|x64
		Release|x86 = Release|x86
	EndGlobalSection
	GlobalSection(ProjectConfigurationPlatforms) = postSolution
		{1FFA7E60-D3D7-4B1D-899C-A018E674ACAF}.Debug|Any CPU.ActiveCfg = Debug|Any CPU
		{1FFA7E60-D3D7-4B1D-899C-A018E674ACAF}.Debug|Any CPU.Build.0 = Debug|Any CPU
		{1FFA7E60-D3D7-4B1D-899C-A018E674ACAF}.Debug|ARM.ActiveCfg = Debug|Any CPU
		{1FFA7E60-D3D7-4B1D-899C-A018E674ACAF}.Debug|ARM.Build.0 = Debug|Any CPU
		{1FFA7E60-D3D7-4B1D-899C-A018E674ACAF}.Debug|ARM64.ActiveCfg = Debug|Any CPU
		{1FFA7E60-D3D7-4B1D-899C-A018E674ACAF}.Debug|ARM64.Build.0 = Debug|Any CPU
		{1FFA7E60-D3D7-4B1D-899C-A018E674ACAF}.Debug|x64.ActiveCfg = Debug|Any CPU
		{1FFA7E60-D3D7-4B1D-899C-A018E674ACAF}.Debug|x64.Build.0 = Debug|Any CPU
		{1FFA7E60-D3D7-4B1D-899C-A018E674ACAF}.Debug|x86.ActiveCfg = Debug|Any CPU
		{1FFA7E60-D3D7-4B1D-899C-A018E674ACAF}.Debug|x86.Build.0 = Debug|Any CPU
		{1FFA7E60-D3D7-4B1D-899C-A018E674ACAF}.Release|Any CPU.ActiveCfg = Release|Any CPU
		{1FFA7E60-D3D7-4B1D-899C-A018E674ACAF}.Release|Any CPU.Build.0 = Release|Any CPU
		{1FFA7E60-D3D7-4B1D-899C-A018E674ACAF}.Release|ARM.ActiveCfg = Release|Any CPU
		{1FFA7E60-D3D7-4B1D-899C-A018E674ACAF}.Release|ARM.Build.0 = Release|Any CPU
		{1FFA7E60-D3D7-4B1D-899C-A018E674ACAF}.Release|ARM64.ActiveCfg = Release|Any CPU
		{1FFA7E60-D3D7-4B1D-899C-A018E674ACAF}.Release|ARM64.Build.0 = Release|Any CPU
		{1FFA7E60-D3D7-4B1D-899C-A018E674ACAF}.Release|x64.ActiveCfg = Release|Any CPU
		{1FFA7E60-D3D7-4B1D-899C-A018E674ACAF}.Release|x64.Build.0 = Release|Any CPU
		{1FFA7E60-D3D7-4B1D-899C-A018E674ACAF}.Release|x86.ActiveCfg = Release|Any CPU
		{1FFA7E60-D3D7-4B1D-899C-A018E674ACAF}.Release|x86.Build.0 = Release|Any CPU
		{D609C2F3-3574-464B-817E-31DBB100C408}.Debug|Any CPU.ActiveCfg = Debug|Any CPU
		{D609C2F3-3574-464B-817E-31DBB100C408}.Debug|Any CPU.Build.0 = Debug|Any CPU
		{D609C2F3-3574-464B-817E-31DBB100C408}.Debug|ARM.ActiveCfg = Debug|Any CPU
		{D609C2F3-3574-464B-817E-31DBB100C408}.Debug|ARM.Build.0 = Debug|Any CPU
		{D609C2F3-3574-464B-817E-31DBB100C408}.Debug|ARM64.ActiveCfg = Debug|Any CPU
		{D609C2F3-3574-464B-817E-31DBB100C408}.Debug|ARM64.Build.0 = Debug|Any CPU
		{D609C2F3-3574-464B-817E-31DBB100C408}.Debug|x64.ActiveCfg = Debug|Any CPU
		{D609C2F3-3574-464B-817E-31DBB100C408}.Debug|x64.Build.0 = Debug|Any CPU
		{D609C2F3-3574-464B-817E-31DBB100C408}.Debug|x86.ActiveCfg = Debug|Any CPU
		{D609C2F3-3574-464B-817E-31DBB100C408}.Debug|x86.Build.0 = Debug|Any CPU
		{D609C2F3-3574-464B-817E-31DBB100C408}.Release|Any CPU.ActiveCfg = Release|Any CPU
		{D609C2F3-3574-464B-817E-31DBB100C408}.Release|Any CPU.Build.0 = Release|Any CPU
		{D609C2F3-3574-464B-817E-31DBB100C408}.Release|ARM.ActiveCfg = Release|Any CPU
		{D609C2F3-3574-464B-817E-31DBB100C408}.Release|ARM.Build.0 = Release|Any CPU
		{D609C2F3-3574-464B-817E-31DBB100C408}.Release|ARM64.ActiveCfg = Release|Any CPU
		{D609C2F3-3574-464B-817E-31DBB100C408}.Release|ARM64.Build.0 = Release|Any CPU
		{D609C2F3-3574-464B-817E-31DBB100C408}.Release|x64.ActiveCfg = Release|Any CPU
		{D609C2F3-3574-464B-817E-31DBB100C408}.Release|x64.Build.0 = Release|Any CPU
		{D609C2F3-3574-464B-817E-31DBB100C408}.Release|x86.ActiveCfg = Release|Any CPU
		{D609C2F3-3574-464B-817E-31DBB100C408}.Release|x86.Build.0 = Release|Any CPU
		{ED137C18-A663-4ADC-BF8D-C259D0407663}.Debug|Any CPU.ActiveCfg = Debug|x86
		{ED137C18-A663-4ADC-BF8D-C259D0407663}.Debug|Any CPU.Build.0 = Debug|x86
		{ED137C18-A663-4ADC-BF8D-C259D0407663}.Debug|Any CPU.Deploy.0 = Debug|x86
		{ED137C18-A663-4ADC-BF8D-C259D0407663}.Debug|ARM.ActiveCfg = Debug|ARM
		{ED137C18-A663-4ADC-BF8D-C259D0407663}.Debug|ARM.Build.0 = Debug|ARM
		{ED137C18-A663-4ADC-BF8D-C259D0407663}.Debug|ARM.Deploy.0 = Debug|ARM
		{ED137C18-A663-4ADC-BF8D-C259D0407663}.Debug|ARM64.ActiveCfg = Debug|ARM64
		{ED137C18-A663-4ADC-BF8D-C259D0407663}.Debug|ARM64.Build.0 = Debug|ARM64
		{ED137C18-A663-4ADC-BF8D-C259D0407663}.Debug|ARM64.Deploy.0 = Debug|ARM64
		{ED137C18-A663-4ADC-BF8D-C259D0407663}.Debug|x64.ActiveCfg = Debug|x64
		{ED137C18-A663-4ADC-BF8D-C259D0407663}.Debug|x64.Build.0 = Debug|x64
		{ED137C18-A663-4ADC-BF8D-C259D0407663}.Debug|x64.Deploy.0 = Debug|x64
		{ED137C18-A663-4ADC-BF8D-C259D0407663}.Debug|x86.ActiveCfg = Debug|x86
		{ED137C18-A663-4ADC-BF8D-C259D0407663}.Debug|x86.Build.0 = Debug|x86
		{ED137C18-A663-4ADC-BF8D-C259D0407663}.Debug|x86.Deploy.0 = Debug|x86
		{ED137C18-A663-4ADC-BF8D-C259D0407663}.Release|Any CPU.ActiveCfg = Release|x86
		{ED137C18-A663-4ADC-BF8D-C259D0407663}.Release|ARM.ActiveCfg = Release|ARM
		{ED137C18-A663-4ADC-BF8D-C259D0407663}.Release|ARM.Build.0 = Release|ARM
		{ED137C18-A663-4ADC-BF8D-C259D0407663}.Release|ARM.Deploy.0 = Release|ARM
		{ED137C18-A663-4ADC-BF8D-C259D0407663}.Release|ARM64.ActiveCfg = Release|ARM64
		{ED137C18-A663-4ADC-BF8D-C259D0407663}.Release|ARM64.Build.0 = Release|ARM64
		{ED137C18-A663-4ADC-BF8D-C259D0407663}.Release|ARM64.Deploy.0 = Release|ARM64
		{ED137C18-A663-4ADC-BF8D-C259D0407663}.Release|x64.ActiveCfg = Release|x64
		{ED137C18-A663-4ADC-BF8D-C259D0407663}.Release|x64.Build.0 = Release|x64
		{ED137C18-A663-4ADC-BF8D-C259D0407663}.Release|x64.Deploy.0 = Release|x64
		{ED137C18-A663-4ADC-BF8D-C259D0407663}.Release|x86.ActiveCfg = Release|x86
		{ED137C18-A663-4ADC-BF8D-C259D0407663}.Release|x86.Build.0 = Release|x86
		{ED137C18-A663-4ADC-BF8D-C259D0407663}.Release|x86.Deploy.0 = Release|x86
	EndGlobalSection
	GlobalSection(SolutionProperties) = preSolution
		HideSolutionNode = FALSE
	EndGlobalSection
	GlobalSection(ExtensibilityGlobals) = postSolution
		SolutionGuid = {5AFF842C-05C9-4AF1-809C-B06110C655FC}
	EndGlobalSection
EndGlobal
