
Microsoft Visual Studio Solution File, Format Version 12.00
# Visual Studio 15
VisualStudioVersion = 15.0.28307.572
MinimumVisualStudioVersion = 10.0.40219.1
Project("{9A19103F-16F7-4668-BE54-9A1E7A4F7556}") = "Wink.Api", "Wink.Api\Wink.Api.csproj", "{1FFA7E60-D3D7-4B1D-899C-A018E674ACAF}"
EndProject
Project("{9A19103F-16F7-4668-BE54-9A1E7A4F7556}") = "Wink.Api.Test", "Wink.Api.Test\Wink.Api.Test.csproj", "{77EC88DA-98A2-4896-AD37-0FB4DAD30716}"
EndProject
Global
	GlobalSection(SolutionConfigurationPlatforms) = preSolution
		Debug|Any CPU = Debug|Any CPU
		Release|Any CPU = Release|Any CPU
	EndGlobalSection
	GlobalSection(ProjectConfigurationPlatforms) = postSolution
		{1FFA7E60-D3D7-4B1D-899C-A018E674ACAF}.Debug|Any CPU.ActiveCfg = Debug|Any CPU
		{1FFA7E60-D3D7-4B1D-899C-A018E674ACAF}.Debug|Any CPU.Build.0 = Debug|Any CPU
		{1FFA7E60-D3D7-4B1D-899C-A018E674ACAF}.Release|Any CPU.ActiveCfg = Release|Any CPU
		{1FFA7E60-D3D7-4B1D-899C-A018E674ACAF}.Release|Any CPU.Build.0 = Release|Any CPU
		{77EC88DA-98A2-4896-AD37-0FB4DAD30716}.Debug|Any CPU.ActiveCfg = Debug|Any CPU
		{77EC88DA-98A2-4896-AD37-0FB4DAD30716}.Debug|Any CPU.Build.0 = Debug|Any CPU
		{77EC88DA-98A2-4896-AD37-0FB4DAD30716}.Release|Any CPU.ActiveCfg = Release|Any CPU
		{77EC88DA-98A2-4896-AD37-0FB4DAD30716}.Release|Any CPU.Build.0 = Release|Any CPU
	EndGlobalSection
	GlobalSection(SolutionProperties) = preSolution
		HideSolutionNode = FALSE
	EndGlobalSection
	GlobalSection(ExtensibilityGlobals) = postSolution
		SolutionGuid = {5AFF842C-05C9-4AF1-809C-B06110C655FC}
	EndGlobalSection
EndGlobal
